
Microsoft Visual Studio Solution File, Format Version 12.00
# Visual Studio 2013
VisualStudioVersion = 12.0.31101.0
MinimumVisualStudioVersion = 10.0.40219.1
Project("{FAE04EC0-301F-11D3-BF4B-00C04F79EFBC}") = "Zebra_Datepicker", "Zebra_Datepicker\Zebra_Datepicker.csproj", "{DA596461-1B83-4AB3-93B9-A5B9EBA2937B}"
EndProject
Project("{2150E333-8FDC-42A3-9474-1A3956D46DE8}") = "Solution Items", "Solution Items", "{3F688CCE-FE75-41FD-A801-6554C9E689F8}"
	ProjectSection(SolutionItems) = preProject
		WebEssentials-Settings.json = WebEssentials-Settings.json
	EndProjectSection
EndProject
Global
	GlobalSection(SolutionConfigurationPlatforms) = preSolution
		Debug|Any CPU = Debug|Any CPU
		Release|Any CPU = Release|Any CPU
	EndGlobalSection
	GlobalSection(ProjectConfigurationPlatforms) = postSolution
		{DA596461-1B83-4AB3-93B9-A5B9EBA2937B}.Debug|Any CPU.ActiveCfg = Debug|Any CPU
		{DA596461-1B83-4AB3-93B9-A5B9EBA2937B}.Debug|Any CPU.Build.0 = Debug|Any CPU
		{DA596461-1B83-4AB3-93B9-A5B9EBA2937B}.Release|Any CPU.ActiveCfg = Release|Any CPU
		{DA596461-1B83-4AB3-93B9-A5B9EBA2937B}.Release|Any CPU.Build.0 = Release|Any CPU
	EndGlobalSection
	GlobalSection(SolutionProperties) = preSolution
		HideSolutionNode = FALSE
	EndGlobalSection
EndGlobal
